
Microsoft Visual Studio Solution File, Format Version 12.00
# Visual Studio 15
VisualStudioVersion = 15.0.28307.539
MinimumVisualStudioVersion = 10.0.40219.1
Project("{9A19103F-16F7-4668-BE54-9A1E7A4F7556}") = "Mindplugg.Test", "Mindplugg.Test\Mindplugg.Test.csproj", "{F3A2DE35-906B-4A52-99AE-30CE9AE7032F}"
EndProject
Project("{FAE04EC0-301F-11D3-BF4B-00C04F79EFBC}") = "Mindplugg", "Mindplugg\Mindplugg.csproj", "{44EE8173-C94D-49B3-8249-DD0CACAF44A5}"
EndProject
Global
	GlobalSection(SolutionConfigurationPlatforms) = preSolution
		Debug|Any CPU = Debug|Any CPU
		Release|Any CPU = Release|Any CPU
	EndGlobalSection
	GlobalSection(ProjectConfigurationPlatforms) = postSolution
		{F3A2DE35-906B-4A52-99AE-30CE9AE7032F}.Debug|Any CPU.ActiveCfg = Debug|Any CPU
		{F3A2DE35-906B-4A52-99AE-30CE9AE7032F}.Debug|Any CPU.Build.0 = Debug|Any CPU
		{F3A2DE35-906B-4A52-99AE-30CE9AE7032F}.Release|Any CPU.ActiveCfg = Release|Any CPU
		{F3A2DE35-906B-4A52-99AE-30CE9AE7032F}.Release|Any CPU.Build.0 = Release|Any CPU
		{44EE8173-C94D-49B3-8249-DD0CACAF44A5}.Debug|Any CPU.ActiveCfg = Debug|Any CPU
		{44EE8173-C94D-49B3-8249-DD0CACAF44A5}.Debug|Any CPU.Build.0 = Debug|Any CPU
		{44EE8173-C94D-49B3-8249-DD0CACAF44A5}.Release|Any CPU.ActiveCfg = Release|Any CPU
		{44EE8173-C94D-49B3-8249-DD0CACAF44A5}.Release|Any CPU.Build.0 = Release|Any CPU
	EndGlobalSection
	GlobalSection(SolutionProperties) = preSolution
		HideSolutionNode = FALSE
	EndGlobalSection
	GlobalSection(ExtensibilityGlobals) = postSolution
		SolutionGuid = {56135C0F-EA39-45C4-ABE2-EDF6F4A68290}
	EndGlobalSection
EndGlobal
